lockfileVersion: '6.0'

settings:
  autoInstallPeers: true
  excludeLinksFromLockfile: false

dependencies:
  '@discordjs/rest':
    specifier: ^1.7.1
    version: 1.7.1
  axios:
    specifier: ^1.4.0
    version: 1.4.0
  chalk:
    specifier: ^4.1.0
    version: 4.1.0
  discord-api-types:
    specifier: ^0.37.43
    version: 0.37.43
  discord.js:
    specifier: ^14.9.0
    version: 14.9.0
  dotenv:
    specifier: 16.1.4
    version: 16.1.4
  path:
    specifier: ^0.12.7
    version: 0.12.7

packages:

  /@discordjs/builders@1.6.3:
    resolution: {integrity: sha512-CTCh8NqED3iecTNuiz49mwSsrc2iQb4d0MjMdmS/8pb69Y4IlzJ/DIy/p5GFlgOrFbNO2WzMHkWKQSiJ3VNXaw==}
    engines: {node: '>=16.9.0'}
    dependencies:
      '@discordjs/formatters': 0.3.1
      '@discordjs/util': 0.3.1
      '@sapphire/shapeshift': 3.9.2
      discord-api-types: 0.37.43
      fast-deep-equal: 3.1.3
      ts-mixer: 6.0.3
      tslib: 2.5.3
    dev: false

  /@discordjs/collection@1.5.1:
    resolution: {integrity: sha512-aWEc9DCf3TMDe9iaJoOnO2+JVAjeRNuRxPZQA6GVvBf+Z3gqUuWYBy2NWh4+5CLYq5uoc3MOvUQ5H5m8CJBqOA==}
    engines: {node: '>=16.9.0'}
    dev: false

  /@discordjs/formatters@0.3.1:
    resolution: {integrity: sha512-M7X4IGiSeh4znwcRGcs+49B5tBkNDn4k5bmhxJDAUhRxRHTiFAOTVUNQ6yAKySu5jZTnCbSvTYHW3w0rAzV1MA==}
    engines: {node: '>=16.9.0'}
    dependencies:
      discord-api-types: 0.37.43
    dev: false

  /@discordjs/rest@1.7.1:
    resolution: {integrity: sha512-Ofa9UqT0U45G/eX86cURQnX7gzOJLG2oC28VhIk/G6IliYgQF7jFByBJEykPSHE4MxPhqCleYvmsrtfKh1nYmQ==}
    engines: {node: '>=16.9.0'}
    dependencies:
      '@discordjs/collection': 1.5.1
      '@discordjs/util': 0.3.1
      '@sapphire/async-queue': 1.5.0
      '@sapphire/snowflake': 3.5.1
      discord-api-types: 0.37.43
      file-type: 18.5.0
      tslib: 2.5.3
      undici: 5.22.1
    dev: false

  /@discordjs/util@0.2.0:
    resolution: {integrity: sha512-/8qNbebFzLWKOOg+UV+RB8itp4SmU5jw0tBUD3ifElW6rYNOj1Ku5JaSW7lLl/WgjjxF01l/1uQPCzkwr110vg==}
    engines: {node: '>=16.9.0'}
    dev: false

  /@discordjs/util@0.3.1:
    resolution: {integrity: sha512-HxXKYKg7vohx2/OupUN/4Sd02Ev3PBJ5q0gtjdcvXb0ErCva8jNHWfe/v5sU3UKjIB/uxOhc+TDOnhqffj9pRA==}
    engines: {node: '>=16.9.0'}
    dev: false

  /@sapphire/async-queue@1.5.0:
    resolution: {integrity: sha512-JkLdIsP8fPAdh9ZZjrbHWR/+mZj0wvKS5ICibcLrRI1j84UmLMshx5n9QmL8b95d4onJ2xxiyugTgSAX7AalmA==}
    engines: {node: '>=v14.0.0', npm: '>=7.0.0'}
    dev: false

  /@sapphire/shapeshift@3.9.2:
    resolution: {integrity: sha512-YRbCXWy969oGIdqR/wha62eX8GNHsvyYi0Rfd4rNW6tSVVa8p0ELiMEuOH/k8rgtvRoM+EMV7Csqz77YdwiDpA==}
    engines: {node: '>=v14.0.0', npm: '>=7.0.0'}
    dependencies:
      fast-deep-equal: 3.1.3
      lodash: 4.17.21
    dev: false

  /@sapphire/snowflake@3.5.1:
    resolution: {integrity: sha512-BxcYGzgEsdlG0dKAyOm0ehLGm2CafIrfQTZGWgkfKYbj+pNNsorZ7EotuZukc2MT70E0UbppVbtpBrqpzVzjNA==}
    engines: {node: '>=v14.0.0', npm: '>=7.0.0'}
    dev: false

  /@tokenizer/token@0.3.0:
    resolution: {integrity: sha512-OvjF+z51L3ov0OyAU0duzsYuvO01PH7x4t6DJx+guahgTnBHkhJdG7soQeTSFLWN3efnHyibZ4Z8l2EuWwJN3A==}
    dev: false

  /@types/node@20.3.0:
    resolution: {integrity: sha512-cumHmIAf6On83X7yP+LrsEyUOf/YlociZelmpRYaGFydoaPdxdt80MAbu6vWerQT2COCp2nPvHdsbD7tHn/YlQ==}
    dev: false

  /@types/ws@8.5.5:
    resolution: {integrity: sha512-lwhs8hktwxSjf9UaZ9tG5M03PGogvFaH8gUgLNbN9HKIg0dvv6q+gkSuJ8HN4/VbyxkuLzCjlN7GquQ0gUJfIg==}
    dependencies:
      '@types/node': 20.3.0
    dev: false

  /ansi-styles@4.3.0:
    resolution: {integrity: sha512-zbB9rCJAT1rbjiVDb2hqKFHNYLxgtk8NURxZ3IZwD3F6NtxbXZQCnnSi1Lkx+IDohdPlFp222wVALIheZJQSEg==}
    engines: {node: '>=8'}
    dependencies:
      color-convert: 2.0.1
    dev: false

  /asynckit@0.4.0:
    resolution: {integrity: sha512-Oei9OH4tRh0YqU3GxhX79dM/mwVgvbZJaSNaRk+bshkj0S5cfHcgYakreBjrHwatXKbz+IoIdYLxrKim2MjW0Q==}
    dev: false

  /axios@1.4.0:
    resolution: {integrity: sha512-S4XCWMEmzvo64T9GfvQDOXgYRDJ/wsSZc7Jvdgx5u1sd0JwsuPLqb3SYmusag+edF6ziyMensPVqLTSc1PiSEA==}
    dependencies:
      follow-redirects: 1.15.2
      form-data: 4.0.0
      proxy-from-env: 1.1.0
    transitivePeerDependencies:
      - debug
    dev: false

  /busboy@1.6.0:
    resolution: {integrity: sha512-8SFQbg/0hQ9xy3UNTB0YEnsNBbWfhf7RtnzpL7TkBiTBRfrQ9Fxcnz7VJsleJpyp6rVLvXiuORqjlHi5q+PYuA==}
    engines: {node: '>=10.16.0'}
    dependencies:
      streamsearch: 1.1.0
    dev: false

  /chalk@4.1.0:
    resolution: {integrity: sha512-qwx12AxXe2Q5xQ43Ac//I6v5aXTipYrSESdOgzrN+9XjgEpyjpKuvSGaN4qE93f7TQTlerQQ8S+EQ0EyDoVL1A==}
    engines: {node: '>=10'}
    dependencies:
      ansi-styles: 4.3.0
      supports-color: 7.2.0
    dev: false

  /color-convert@2.0.1:
    resolution: {integrity: sha512-RRECPsj7iu/xb5oKYcsFHSppFNnsj/52OVTRKb4zP5onXwVF3zVmmToNcOfGC+CRDpfK/U584fMg38ZHCaElKQ==}
    engines: {node: '>=7.0.0'}
    dependencies:
      color-name: 1.1.4
    dev: false

  /color-name@1.1.4:
    resolution: {integrity: sha512-dOy+3AuW3a2wNbZHIuMZpTcgjGuLU/uBL/ubcZF9OXbDo8ff4O8yVp5Bf0efS8uEoYo5q4Fx7dY9OgQGXgAsQA==}
    dev: false

  /combined-stream@1.0.8:
    resolution: {integrity: sha512-FQN4MRfuJeHf7cBbBMJFXhKSDq+2kAArBlmRBvcvFE5BB1HZKXtSFASDhdlz9zOYwxh8lDdnvmMOe/+5cdoEdg==}
    engines: {node: '>= 0.8'}
    dependencies:
      delayed-stream: 1.0.0
    dev: false

  /delayed-stream@1.0.0:
    resolution: {integrity: sha512-ZySD7Nf91aLB0RxL4KGrKHBXl7Eds1DAmEdcoVawXnLD7SDhpNgtuII2aAkg7a7QS41jxPSZ17p4VdGnMHk3MQ==}
    engines: {node: '>=0.4.0'}
    dev: false

  /discord-api-types@0.37.43:
    resolution: {integrity: sha512-bBhDWU3TF9KADxR/mHp1K4Bvu/LRtFQdGyBjADu4e66F3ZnD4kp12W/SJCttIaCcMXzPV3sfty6eDGRNRph51Q==}
    dev: false

  /discord.js@14.9.0:
    resolution: {integrity: sha512-ygGms5xP4hG+QrrY9k7d/OYCzMltSMtdl/2Snzq/nLCiZo+Sna91Ulv9l0+B5Jd/Czcq37B7wJAnmja7GOa+bg==}
    engines: {node: '>=16.9.0'}
    dependencies:
      '@discordjs/builders': 1.6.3
      '@discordjs/collection': 1.5.1
      '@discordjs/formatters': 0.3.1
      '@discordjs/rest': 1.7.1
      '@discordjs/util': 0.2.0
      '@sapphire/snowflake': 3.5.1
      '@types/ws': 8.5.5
      discord-api-types: 0.37.43
      fast-deep-equal: 3.1.3
      lodash.snakecase: 4.1.1
      tslib: 2.5.3
      undici: 5.22.1
      ws: 8.13.0
    transitivePeerDependencies:
      - bufferutil
      - utf-8-validate
    dev: false

  /dotenv@16.1.4:
    resolution: {integrity: sha512-m55RtE8AsPeJBpOIFKihEmqUcoVncQIwo7x9U8ZwLEZw9ZpXboz2c+rvog+jUaJvVrZ5kBOeYQBX5+8Aa/OZQw==}
    engines: {node: '>=12'}
    dev: false

  /fast-deep-equal@3.1.3:
    resolution: {integrity: sha512-f3qQ9oQy9j2AhBe/H9VC91wLmKBCCU/gDOnKNAYG5hswO7BLKj09Hc5HYNz9cGI++xlpDCIgDaitVs03ATR84Q==}
    dev: false

  /file-type@18.5.0:
    resolution: {integrity: sha512-yvpl5U868+V6PqXHMmsESpg6unQ5GfnPssl4dxdJudBrr9qy7Fddt7EVX1VLlddFfe8Gj9N7goCZH22FXuSQXQ==}
    engines: {node: '>=14.16'}
    dependencies:
      readable-web-to-node-stream: 3.0.2
      strtok3: 7.0.0
      token-types: 5.0.1
    dev: false

  /follow-redirects@1.15.2:
    resolution: {integrity: sha512-VQLG33o04KaQ8uYi2tVNbdrWp1QWxNNea+nmIB4EVM28v0hmP17z7aG1+wAkNzVq4KeXTq3221ye5qTJP91JwA==}
    engines: {node: '>=4.0'}
    peerDependencies:
      debug: '*'
    peerDependenciesMeta:
      debug:
        optional: true
    dev: false

  /form-data@4.0.0:
    resolution: {integrity: sha512-ETEklSGi5t0QMZuiXoA/Q6vcnxcLQP5vdugSpuAyi6SVGi2clPPp+xgEhuMaHC+zGgn31Kd235W35f7Hykkaww==}
    engines: {node: '>= 6'}
    dependencies:
      asynckit: 0.4.0
      combined-stream: 1.0.8
      mime-types: 2.1.35
    dev: false

  /has-flag@4.0.0:
    resolution: {integrity: sha512-EykJT/Q1KjTWctppgIAgfSO0tKVuZUjhgMr17kqTumMl6Afv3EISleU7qZUzoXDFTAHTDC4NOoG/ZxU3EvlMPQ==}
    engines: {node: '>=8'}
    dev: false

  /ieee754@1.2.1:
    resolution: {integrity: sha512-dcyqhDvX1C46lXZcVqCpK+FtMRQVdIMN6/Df5js2zouUsqG7I6sFxitIC+7KYK29KdXOLHdu9zL4sFnoVQnqaA==}
    dev: false

  /inherits@2.0.3:
    resolution: {integrity: sha512-x00IRNXNy63jwGkJmzPigoySHbaqpNuzKbBOmzK+g2OdZpQ9w+sxCN+VSB3ja7IAge2OP2qpfxTjeNcyjmW1uw==}
    dev: false

  /lodash.snakecase@4.1.1:
    resolution: {integrity: sha512-QZ1d4xoBHYUeuouhEq3lk3Uq7ldgyFXGBhg04+oRLnIz8o9T65Eh+8YdroUwn846zchkA9yDsDl5CVVaV2nqYw==}
    dev: false

  /lodash@4.17.21:
    resolution: {integrity: sha512-v2kDEe57lecTulaDIuNTPy3Ry4gLGJ6Z1O3vE1krgXZNrsQ+LFTGHVxVjcXPs17LhbZVGedAJv8XZ1tvj5FvSg==}
    dev: false

  /mime-db@1.52.0:
    resolution: {integrity: sha512-sPU4uV7dYlvtWJxwwxHD0PuihVNiE7TyAbQ5SWxDCB9mUYvOgroQOwYQQOKPJ8CIbE+1ETVlOoK1UC2nU3gYvg==}
    engines: {node: '>= 0.6'}
    dev: false

  /mime-types@2.1.35:
    resolution: {integrity: sha512-ZDY+bPm5zTTF+YpCrAU9nK0UgICYPT0QtT1NZWFv4s++TNkcgVaT0g6+4R2uI4MjQjzysHB1zxuWL50hzaeXiw==}
    engines: {node: '>= 0.6'}
    dependencies:
      mime-db: 1.52.0
    dev: false

  /path@0.12.7:
    resolution: {integrity: sha512-aXXC6s+1w7otVF9UletFkFcDsJeO7lSZBPUQhtb5O0xJe8LtYhj/GxldoL09bBj9+ZmE2hNoHqQSFMN5fikh4Q==}
    dependencies:
      process: 0.11.10
      util: 0.10.4
    dev: false

  /peek-readable@5.0.0:
    resolution: {integrity: sha512-YtCKvLUOvwtMGmrniQPdO7MwPjgkFBtFIrmfSbYmYuq3tKDV/mcfAhBth1+C3ru7uXIZasc/pHnb+YDYNkkj4A==}
    engines: {node: '>=14.16'}
    dev: false

  /process@0.11.10:
    resolution: {integrity: sha512-cdGef/drWFoydD1JsMzuFf8100nZl+GT+yacc2bEced5f9Rjk4z+WtFUTBu9PhOi9j/jfmBPu0mMEY4wIdAF8A==}
    engines: {node: '>= 0.6.0'}
    dev: false

  /proxy-from-env@1.1.0:
    resolution: {integrity: sha512-D+zkORCbA9f1tdWRK0RaCR3GPv50cMxcrz4X8k5LTSUD1Dkw47mKJEZQNunItRTkWwgtaUSo1RVFRIG9ZXiFYg==}
    dev: false

  /readable-stream@3.6.2:
    resolution: {integrity: sha512-9u/sniCrY3D5WdsERHzHE4G2YCXqoG5FTHUiCC4SIbr6XcLZBY05ya9EKjYek9O5xOAwjGq+1JdGBAS7Q9ScoA==}
    engines: {node: '>= 6'}
    dependencies:
      inherits: 2.0.3
      string_decoder: 1.3.0
      util-deprecate: 1.0.2
    dev: false

  /readable-web-to-node-stream@3.0.2:
    resolution: {integrity: sha512-ePeK6cc1EcKLEhJFt/AebMCLL+GgSKhuygrZ/GLaKZYEecIgIECf4UaUuaByiGtzckwR4ain9VzUh95T1exYGw==}
    engines: {node: '>=8'}
    dependencies:
      readable-stream: 3.6.2
    dev: false

  /safe-buffer@5.2.1:
    resolution: {integrity: sha512-rp3So07KcdmmKbGvgaNxQSJr7bGVSVk5S9Eq1F+ppbRo70+YeaDxkw5Dd8NPN+GD6bjnYm2VuPuCXmpuYvmCXQ==}
    dev: false

  /streamsearch@1.1.0:
    resolution: {integrity: sha512-Mcc5wHehp9aXz1ax6bZUyY5afg9u2rv5cqQI3mRrYkGC8rW2hM02jWuwjtL++LS5qinSyhj2QfLyNsuc+VsExg==}
    engines: {node: '>=10.0.0'}
    dev: false

  /string_decoder@1.3.0:
    resolution: {integrity: sha512-hkRX8U1WjJFd8LsDJ2yQ/wWWxaopEsABU1XfkM8A+j0+85JAGppt16cr1Whg6KIbb4okU6Mql6BOj+uup/wKeA==}
    dependencies:
      safe-buffer: 5.2.1
    dev: false

  /strtok3@7.0.0:
    resolution: {integrity: sha512-pQ+V+nYQdC5H3Q7qBZAz/MO6lwGhoC2gOAjuouGf/VO0m7vQRh8QNMl2Uf6SwAtzZ9bOw3UIeBukEGNJl5dtXQ==}
    engines: {node: '>=14.16'}
    dependencies:
      '@tokenizer/token': 0.3.0
      peek-readable: 5.0.0
    dev: false

  /supports-color@7.2.0:
    resolution: {integrity: sha512-qpCAvRl9stuOHveKsn7HncJRvv501qIacKzQlO/+Lwxc9+0q2wLyv4Dfvt80/DPn2pqOBsJdDiogXGR9+OvwRw==}
    engines: {node: '>=8'}
    dependencies:
      has-flag: 4.0.0
    dev: false

  /token-types@5.0.1:
    resolution: {integrity: sha512-Y2fmSnZjQdDb9W4w4r1tswlMHylzWIeOKpx0aZH9BgGtACHhrk3OkT52AzwcuqTRBZtvvnTjDBh8eynMulu8Vg==}
    engines: {node: '>=14.16'}
    dependencies:
      '@tokenizer/token': 0.3.0
      ieee754: 1.2.1
    dev: false

  /ts-mixer@6.0.3:
    resolution: {integrity: sha512-k43M7uCG1AkTyxgnmI5MPwKoUvS/bRvLvUb7+Pgpdlmok8AoqmUaZxUUw8zKM5B1lqZrt41GjYgnvAi0fppqgQ==}
    dev: false

  /tslib@2.5.3:
    resolution: {integrity: sha512-mSxlJJwl3BMEQCUNnxXBU9jP4JBktcEGhURcPR6VQVlnP0FdDEsIaz0C35dXNGLyRfrATNofF0F5p2KPxQgB+w==}
    dev: false

  /undici@5.22.1:
    resolution: {integrity: sha512-Ji2IJhFXZY0x/0tVBXeQwgPlLWw13GVzpsWPQ3rV50IFMMof2I55PZZxtm4P6iNq+L5znYN9nSTAq0ZyE6lSJw==}
    engines: {node: '>=14.0'}
    dependencies:
      busboy: 1.6.0
    dev: false

  /util-deprecate@1.0.2:
    resolution: {integrity: sha512-EPD5q1uXyFxJpCrLnCc1nHnq3gOa6DZBocAIiI2TaSCA7VCJ1UJDMagCzIkXNsUYfD1daK//LTEQ8xiIbrHtcw==}
    dev: false

  /util@0.10.4:
    resolution: {integrity: sha512-0Pm9hTQ3se5ll1XihRic3FDIku70C+iHUdT/W926rSgHV5QgXsYbKZN8MSC3tJtSkhuROzvsQjAaFENRXr+19A==}
    dependencies:
      inherits: 2.0.3
    dev: false

  /ws@8.13.0:
    resolution: {integrity: sha512-x9vcZYTrFPC7aSIbj7sRCYo7L/Xb8Iy+pW0ng0wt2vCJv7M9HOMy0UoN3rr+IFC7hb7vXoqS+P9ktyLLLhO+LA==}
    engines: {node: '>=10.0.0'}
    peerDependencies:
      bufferutil: ^4.0.1
      utf-8-validate: '>=5.0.2'
    peerDependenciesMeta:
      bufferutil:
        optional: true
      utf-8-validate:
        optional: true
    dev: false
